# This file is autogenerated, do not edit; changes may be undone by the next 'dep ensure'.


[[projects]]
  name = "github.com/boltdb/bolt"
  packages = ["."]
  revision = "2f1ce7a837dcb8da3ec595b1dac9d0632f0f99e8"
  version = "v1.3.1"

[[projects]]
  name = "github.com/gorilla/context"
  packages = ["."]
  revision = "1ea25387ff6f684839d82767c1733ff4d4d15d0a"
  version = "v1.1"

[[projects]]
  name = "github.com/gorilla/mux"
  packages = ["."]
  revision = "7f08801859139f86dfafd1c296e2cba9a80d292e"
  version = "v1.6.0"

[[projects]]
  branch = "master"
  name = "github.com/ulule/deepcopier"
  packages = ["."]
  revision = "ca99b135e50f526fde9cd88705f0ff2f3f95b77c"

[[projects]]
  name = "github.com/urfave/negroni"
  packages = ["."]
  revision = "5dbbc83f748fc3ad38585842b0aedab546d0ea1e"
  version = "v0.3.0"

[[projects]]
  branch = "master"
  name = "golang.org/x/sys"
  packages = ["unix"]
  revision = "0dd5e194bbf5eb84a39666eb4c98a4d007e4203a"

[solve-meta]
  analyzer-name = "dep"
  analyzer-version = 1
  inputs-digest = "ed6c2778721c3452a856f7149fe413d521774c22bd276544d78425c4baa2da36"
  solver-name = "gps-cdcl"
  solver-version = 1
